
Microsoft Visual Studio Solution File, Format Version 12.00
# Visual Studio 14
VisualStudioVersion = 14.0.25420.1
MinimumVisualStudioVersion = 10.0.40219.1
Project("{8BC9CEB8-8B4A-11D0-8D11-00A0C91BC942}") = "Flexit", "Flexit\Flexit.vcxproj", "{B12702AD-ABFB-343A-A199-8E24837244A3}"
EndProject
Project("{8BC9CEB8-8B4A-11D0-8D11-00A0C91BC942}") = "Moveit", "Moveit\Moveit.vcxproj", "{2697CE5B-A9AE-4853-BECF-DA35B158EB56}"
EndProject
Project("{8BC9CEB8-8B4A-11D0-8D11-00A0C91BC942}") = "Surfit", "Surfit\Surfit.vcxproj", "{661CE8D1-7144-4243-B684-3C57FAE495BE}"
EndProject
Global
	GlobalSection(SolutionConfigurationPlatforms) = preSolution
		Debug|x86 = Debug|x86
		Release|x86 = Release|x86
	EndGlobalSection
	GlobalSection(ProjectConfigurationPlatforms) = postSolution
		{B12702AD-ABFB-343A-A199-8E24837244A3}.Debug|x86.ActiveCfg = Debug|Win32
		{B12702AD-ABFB-343A-A199-8E24837244A3}.Debug|x86.Build.0 = Debug|Win32
		{B12702AD-ABFB-343A-A199-8E24837244A3}.Release|x86.ActiveCfg = Release|Win32
		{B12702AD-ABFB-343A-A199-8E24837244A3}.Release|x86.Build.0 = Release|Win32
		{2697CE5B-A9AE-4853-BECF-DA35B158EB56}.Debug|x86.ActiveCfg = Debug|Win32
		{2697CE5B-A9AE-4853-BECF-DA35B158EB56}.Debug|x86.Build.0 = Debug|Win32
		{2697CE5B-A9AE-4853-BECF-DA35B158EB56}.Release|x86.ActiveCfg = Release|Win32
		{2697CE5B-A9AE-4853-BECF-DA35B158EB56}.Release|x86.Build.0 = Release|Win32
		{661CE8D1-7144-4243-B684-3C57FAE495BE}.Debug|x86.ActiveCfg = Debug|Win32
		{661CE8D1-7144-4243-B684-3C57FAE495BE}.Debug|x86.Build.0 = Debug|Win32
		{661CE8D1-7144-4243-B684-3C57FAE495BE}.Release|x86.ActiveCfg = Release|Win32
		{661CE8D1-7144-4243-B684-3C57FAE495BE}.Release|x86.Build.0 = Release|Win32
	EndGlobalSection
	GlobalSection(SolutionProperties) = preSolution
		HideSolutionNode = FALSE
	EndGlobalSection
EndGlobal
