<?xml version="1.0" encoding="utf-8"?>
<Project ToolsVersion="4.0" xmlns="http://schemas.microsoft.com/developer/msbuild/2003">
  <ItemGroup>
    <Filter Include="Source Files">
      <UniqueIdentifier>{4FC737F1-C7A5-4376-A066-2A32D752A2FF}</UniqueIdentifier>
      <Extensions>cpp;c;cc;cxx;def;odl;idl;hpj;bat;asm;asmx</Extensions>
    </Filter>
    <Filter Include="Header Files">
      <UniqueIdentifier>{93995380-89BD-4b04-88EB-625FBE52EBFB}</UniqueIdentifier>
      <Extensions>h;hh;hpp;hxx;hm;inl;inc;xsd</Extensions>
    </Filter>
    <Filter Include="Resource Files">
      <UniqueIdentifier>{D9D6E242-F8AF-46E4-B9FD-80ECBC20BA3E}</UniqueIdentifier>
      <Extensions>qrc;*</Extensions>
      <ParseFiles>false</ParseFiles>
    </Filter>
    <Filter Include="Form Files">
      <UniqueIdentifier>{99349809-55BA-4b9d-BF79-8FDBB0286EB3}</UniqueIdentifier>
      <Extensions>ui</Extensions>
    </Filter>
    <Filter Include="Resource Files">
      <UniqueIdentifier>{D9D6E242-F8AF-46E4-B9FD-80ECBC20BA3E}</UniqueIdentifier>
      <Extensions>qrc;*</Extensions>
      <ParseFiles>false</ParseFiles>
    </Filter>
    <Filter Include="Generated Files">
      <UniqueIdentifier>{71ED8ED8-ACB9-4CE9-BBE1-E00B30144E11}</UniqueIdentifier>
      <Extensions>moc;h;cpp</Extensions>
      <SourceControlFiles>False</SourceControlFiles>
    </Filter>
    <Filter Include="Generated Files\Debug">
      <UniqueIdentifier>{8ab71172-0958-4c94-9d82-74c3234437ff}</UniqueIdentifier>
      <Extensions>cpp;moc</Extensions>
      <SourceControlFiles>False</SourceControlFiles>
    </Filter>
    <Filter Include="Generated Files\Release">
      <UniqueIdentifier>{05ba5bab-7592-4cfb-8834-b4f0d2ea3a64}</UniqueIdentifier>
      <Extensions>cpp;moc</Extensions>
      <SourceControlFiles>False</SourceControlFiles>
    </Filter>
  </ItemGroup>
  <ItemGroup>
    <ClCompile Include="main.cpp">
      <Filter>Source Files</Filter>
    </ClCompile>
    <ClCompile Include="Flexit.cpp">
      <Filter>Source Files</Filter>
    </ClCompile>
    <ClCompile Include="GeneratedFiles\qrc_Flexit.cpp">
      <Filter>Generated Files</Filter>
    </ClCompile>
    <ClCompile Include="ITProject.cpp">
      <Filter>Source Files</Filter>
    </ClCompile>
    <ClCompile Include="ITIO.cpp">
      <Filter>Source Files</Filter>
    </ClCompile>
    <ClCompile Include="ITSurface.cpp">
      <Filter>Source Files</Filter>
    </ClCompile>
    <ClCompile Include="ITControlPoint.cpp">
      <Filter>Source Files</Filter>
    </ClCompile>
    <ClCompile Include="ITPoint.cpp">
      <Filter>Source Files</Filter>
    </ClCompile>
    <ClCompile Include="ITTrajectoryCurve.cpp">
      <Filter>Source Files</Filter>
    </ClCompile>
    <ClCompile Include="ITTrajectoryCurveSegment.cpp">
      <Filter>Source Files</Filter>
    </ClCompile>
    <ClCompile Include="ITPointTrajectory.cpp">
      <Filter>Source Files</Filter>
    </ClCompile>
    <ClCompile Include="ITPanel.cpp">
      <Filter>Source Files</Filter>
    </ClCompile>
    <ClCompile Include="ITVortex.cpp">
      <Filter>Source Files</Filter>
    </ClCompile>
    <ClCompile Include="ITControlSurface.cpp">
      <Filter>Source Files</Filter>
    </ClCompile>
    <ClCompile Include="MatrixViewGLWidget.cpp">
      <Filter>Source Files</Filter>
    </ClCompile>
    <ClCompile Include="GeneratedFiles\Debug\moc_MatrixViewGLWidget.cpp">
      <Filter>Generated Files\Debug</Filter>
    </ClCompile>
    <ClCompile Include="MyGLWidget.cpp">
      <Filter>Source Files</Filter>
    </ClCompile>
    <ClCompile Include="GeneratedFiles\Debug\moc_MyGLWidget.cpp">
      <Filter>Generated Files\Debug</Filter>
    </ClCompile>
    <ClCompile Include="GeneratedFiles\Release\moc_MyGLWidget.cpp">
      <Filter>Generated Files\Release</Filter>
    </ClCompile>
    <ClCompile Include="GeneratedFiles\Debug\moc_qjsonmodel.cpp">
      <Filter>Generated Files\Debug</Filter>
    </ClCompile>
    <ClCompile Include="GeneratedFiles\Release\moc_qjsonmodel.cpp">
      <Filter>Generated Files\Release</Filter>
    </ClCompile>
    <ClCompile Include="qjsonitem.cpp">
      <Filter>Source Files</Filter>
    </ClCompile>
    <ClCompile Include="qjsonmodel.cpp">
      <Filter>Source Files</Filter>
    </ClCompile>
    <ClCompile Include="ITGust.cpp">
      <Filter>Source Files</Filter>
    </ClCompile>
    <ClCompile Include="ITPhysics.cpp">
      <Filter>Source Files</Filter>
    </ClCompile>
    <ClCompile Include="ITWakePanel.cpp">
      <Filter>Source Files</Filter>
    </ClCompile>
    <ClCompile Include="MyTrajectoryGLWidget.cpp">
      <Filter>Source Files</Filter>
    </ClCompile>
    <ClCompile Include="GeneratedFiles\Debug\moc_MyTrajectoryGLWidget.cpp">
      <Filter>Generated Files\Debug</Filter>
    </ClCompile>
    <ClCompile Include="MyOutputGraphicsGLWidget.cpp">
      <Filter>Source Files</Filter>
    </ClCompile>
    <ClCompile Include="GeneratedFiles\Debug\moc_MyOutputGraphicsGLWidget.cpp">
      <Filter>Generated Files\Debug</Filter>
    </ClCompile>
    <ClCompile Include="MyEBWidget.cpp">
      <Filter>Source Files</Filter>
    </ClCompile>
    <ClCompile Include="GeneratedFiles\Debug\moc_MyEBWidget.cpp">
      <Filter>Generated Files\Debug</Filter>
    </ClCompile>
    <ClCompile Include="ITBeam.cpp">
      <Filter>Source Files</Filter>
    </ClCompile>
    <ClCompile Include="ITBeamElement.cpp">
      <Filter>Source Files</Filter>
    </ClCompile>
    <ClCompile Include="ITBeamNode.cpp">
      <Filter>Source Files</Filter>
    </ClCompile>
    <ClCompile Include="GeneratedFiles\Release\moc_MatrixViewGLWidget.cpp">
      <Filter>Generated Files\Release</Filter>
    </ClCompile>
    <ClCompile Include="MyAboutDialogBox.cpp">
      <Filter>Source Files</Filter>
    </ClCompile>
    <ClCompile Include="GeneratedFiles\Debug\moc_MyAboutDialogBox.cpp">
      <Filter>Generated Files\Debug</Filter>
    </ClCompile>
    <ClCompile Include="GeneratedFiles\Debug\moc_Flexit.cpp">
      <Filter>Generated Files\Debug</Filter>
    </ClCompile>
    <ClCompile Include="GeneratedFiles\Release\moc_Flexit.cpp">
      <Filter>Generated Files\Release</Filter>
    </ClCompile>
    <ClCompile Include="GeneratedFiles\Release\moc_MyAboutDialogBox.cpp">
      <Filter>Generated Files\Release</Filter>
    </ClCompile>
  </ItemGroup>
  <ItemGroup>
    <CustomBuild Include="Flexit.h">
      <Filter>Header Files</Filter>
    </CustomBuild>
    <CustomBuild Include="Flexit.ui">
      <Filter>Form Files</Filter>
    </CustomBuild>
    <CustomBuild Include="Flexit.qrc">
      <Filter>Resource Files</Filter>
    </CustomBuild>
    <CustomBuild Include="MatrixViewGLWidget.h">
      <Filter>Header Files</Filter>
    </CustomBuild>
    <CustomBuild Include="MyGLWidget.h">
      <Filter>Header Files</Filter>
    </CustomBuild>
    <CustomBuild Include="qjsonmodel.h">
      <Filter>Header Files</Filter>
    </CustomBuild>
    <CustomBuild Include="MyTrajectoryGLWidget.h">
      <Filter>Header Files</Filter>
    </CustomBuild>
    <CustomBuild Include="MyOutputGraphicsGLWidget.h">
      <Filter>Header Files</Filter>
    </CustomBuild>
    <CustomBuild Include="MyEBWidget.h">
      <Filter>Header Files</Filter>
    </CustomBuild>
    <CustomBuild Include="MyAboutDialogBox.h">
      <Filter>Header Files</Filter>
    </CustomBuild>
  </ItemGroup>
  <ItemGroup>
    <ClInclude Include="GeneratedFiles\ui_Flexit.h">
      <Filter>Generated Files</Filter>
    </ClInclude>
    <ClInclude Include="global.h">
      <Filter>Header Files</Filter>
    </ClInclude>
    <ClInclude Include="ITProject.h">
      <Filter>Header Files</Filter>
    </ClInclude>
    <ClInclude Include="ITIO.h">
      <Filter>Header Files</Filter>
    </ClInclude>
    <ClInclude Include="ITSurface.h">
      <Filter>Header Files</Filter>
    </ClInclude>
    <ClInclude Include="ITControlPoint.h">
      <Filter>Header Files</Filter>
    </ClInclude>
    <ClInclude Include="ITPoint.h">
      <Filter>Header Files</Filter>
    </ClInclude>
    <ClInclude Include="ITTrajectoryCurve.h">
      <Filter>Header Files</Filter>
    </ClInclude>
    <ClInclude Include="ITTrajectoryCurveSegment.h">
      <Filter>Header Files</Filter>
    </ClInclude>
    <ClInclude Include="ITPointTrajectory.h">
      <Filter>Header Files</Filter>
    </ClInclude>
    <ClInclude Include="ITPanel.h">
      <Filter>Header Files</Filter>
    </ClInclude>
    <ClInclude Include="ITVortex.h">
      <Filter>Header Files</Filter>
    </ClInclude>
    <ClInclude Include="ITControlSurface.h">
      <Filter>Header Files</Filter>
    </ClInclude>
    <ClInclude Include="CudaUtilities.cuh">
      <Filter>Header Files</Filter>
    </ClInclude>
    <ClInclude Include="qjsonitem.h">
      <Filter>Header Files</Filter>
    </ClInclude>
    <ClInclude Include="ITGust.h">
      <Filter>Header Files</Filter>
    </ClInclude>
    <ClInclude Include="ITPhysics.h">
      <Filter>Header Files</Filter>
    </ClInclude>
    <ClInclude Include="ITWakePanel.h">
      <Filter>Header Files</Filter>
    </ClInclude>
    <ClInclude Include="ITBeam.h">
      <Filter>Header Files</Filter>
    </ClInclude>
    <ClInclude Include="ITBeamElement.h">
      <Filter>Header Files</Filter>
    </ClInclude>
    <ClInclude Include="ITBeamNode.h">
      <Filter>Header Files</Filter>
    </ClInclude>
    <ClInclude Include="CudaPhysics.cuh">
      <Filter>Header Files</Filter>
    </ClInclude>
    <ClInclude Include="CudaKernels.cuh">
      <Filter>Header Files</Filter>
    </ClInclude>
    <ClInclude Include="resource.h">
      <Filter>Header Files</Filter>
    </ClInclude>
  </ItemGroup>
  <ItemGroup>
    <CudaCompile Include="CudaUtilities.cu">
      <Filter>Source Files</Filter>
    </CudaCompile>
    <CudaCompile Include="CudaPhysics.cu">
      <Filter>Source Files</Filter>
    </CudaCompile>
    <CudaCompile Include="CudaKernels.cu">
      <Filter>Source Files</Filter>
    </CudaCompile>
  </ItemGroup>
  <ItemGroup>
    <ResourceCompile Include="Flexit.rc" />
  </ItemGroup>
  <ItemGroup>
    <Image Include="myappicon.ico" />
  </ItemGroup>
</Project>